
Microsoft Visual Studio Solution File, Format Version 12.00
# Visual Studio Version 17
VisualStudioVersion = 17.11.35312.102
MinimumVisualStudioVersion = 10.0.40219.1
Project("{FAE04EC0-301F-11D3-BF4B-00C04F79EFBC}") = "Demo.WebApi.Mock", "Demo.WebApi.Mock\Demo.WebApi.Mock.csproj", "{C68B3F1B-7BF4-4233-9146-066CFD824898}"
EndProject
Project("{FAE04EC0-301F-11D3-BF4B-00C04F79EFBC}") = "Demo.WebApi.MockHost", "Demo.WebApi.MockHost\Demo.WebApi.MockHost.csproj", "{D6D9D949-5D02-41C3-916F-D7521CAFEFCC}"
EndProject
Global
	GlobalSection(SolutionConfigurationPlatforms) = preSolution
		Debug|Any CPU = Debug|Any CPU
		Release|Any CPU = Release|Any CPU
	EndGlobalSection
	GlobalSection(ProjectConfigurationPlatforms) = postSolution
		{C68B3F1B-7BF4-4233-9146-066CFD824898}.Debug|Any CPU.ActiveCfg = Debug|Any CPU
		{C68B3F1B-7BF4-4233-9146-066CFD824898}.Debug|Any CPU.Build.0 = Debug|Any CPU
		{C68B3F1B-7BF4-4233-9146-066CFD824898}.Release|Any CPU.ActiveCfg = Release|Any CPU
		{C68B3F1B-7BF4-4233-9146-066CFD824898}.Release|Any CPU.Build.0 = Release|Any CPU
		{D6D9D949-5D02-41C3-916F-D7521CAFEFCC}.Debug|Any CPU.ActiveCfg = Debug|Any CPU
		{D6D9D949-5D02-41C3-916F-D7521CAFEFCC}.Debug|Any CPU.Build.0 = Debug|Any CPU
		{D6D9D949-5D02-41C3-916F-D7521CAFEFCC}.Release|Any CPU.ActiveCfg = Release|Any CPU
		{D6D9D949-5D02-41C3-916F-D7521CAFEFCC}.Release|Any CPU.Build.0 = Release|Any CPU
	EndGlobalSection
	GlobalSection(SolutionProperties) = preSolution
		HideSolutionNode = FALSE
	EndGlobalSection
	GlobalSection(ExtensibilityGlobals) = postSolution
		SolutionGuid = {7091F9E6-B8D5-466D-A75D-170368DF5ED7}
	EndGlobalSection
EndGlobal
